
Microsoft Visual Studio Solution File, Format Version 12.00
# Visual Studio Version 16
VisualStudioVersion = 16.0.31321.278
MinimumVisualStudioVersion = 10.0.40219.1
Project("{FAE04EC0-301F-11D3-BF4B-00C04F79EFBC}") = "DeploytoAKS", "DeploytoAKS\DeploytoAKS.csproj", "{809376CA-6130-4C7D-AE75-3AF3010D547E}"
EndProject
Global
	GlobalSection(SolutionConfigurationPlatforms) = preSolution
		Debug|Any CPU = Debug|Any CPU
		Release|Any CPU = Release|Any CPU
	EndGlobalSection
	GlobalSection(ProjectConfigurationPlatforms) = postSolution
		{809376CA-6130-4C7D-AE75-3AF3010D547E}.Debug|Any CPU.ActiveCfg = Debug|Any CPU
		{809376CA-6130-4C7D-AE75-3AF3010D547E}.Debug|Any CPU.Build.0 = Debug|Any CPU
		{809376CA-6130-4C7D-AE75-3AF3010D547E}.Release|Any CPU.ActiveCfg = Release|Any CPU
		{809376CA-6130-4C7D-AE75-3AF3010D547E}.Release|Any CPU.Build.0 = Release|Any CPU
	EndGlobalSection
	GlobalSection(SolutionProperties) = preSolution
		HideSolutionNode = FALSE
	EndGlobalSection
	GlobalSection(ExtensibilityGlobals) = postSolution
		SolutionGuid = {A710D708-4E20-49D2-9C00-631DE880FE58}
	EndGlobalSection
EndGlobal
